
Microsoft Visual Studio Solution File, Format Version 12.00
# Visual Studio Version 17
VisualStudioVersion = 17.5.002.0
MinimumVisualStudioVersion = 10.0.40219.1
Project("{9A19103F-16F7-4668-BE54-9A1E7A4F7556}") = "ConstrutorConta", "ConstrutorConta\ConstrutorConta.csproj", "{297E3417-5069-4730-A07C-B622DA0BB34C}"
EndProject
Project("{9A19103F-16F7-4668-BE54-9A1E7A4F7556}") = "ArrayConta", "ArrayConta\ArrayConta.csproj", "{EB2EA046-0048-45EB-9742-CA280E7BBD2D}"
EndProject
Project("{9A19103F-16F7-4668-BE54-9A1E7A4F7556}") = "ComposicaoNotaFiscal", "ComposicaoNotaFiscal\ComposicaoNotaFiscal.csproj", "{EE0D5A0F-F909-4F41-A369-5510A069268F}"
EndProject
Project("{9A19103F-16F7-4668-BE54-9A1E7A4F7556}") = "ConstrutorProduto", "ConstrutorProduto\ConstrutorProduto.csproj", "{E3E5D224-4CA7-4EBC-9835-4718A1B8F735}"
EndProject
Project("{9A19103F-16F7-4668-BE54-9A1E7A4F7556}") = "ConstrutorAluno", "ConstrutorAluno\ConstrutorAluno.csproj", "{B85DEC85-57D5-47E7-AE81-74611FDAEB99}"
EndProject
Project("{9A19103F-16F7-4668-BE54-9A1E7A4F7556}") = "ArrayFuncionario", "ArrayFuncionario\ArrayFuncionario.csproj", "{31136A78-5303-4CEE-AC56-9432B88C011F}"
EndProject
Project("{9A19103F-16F7-4668-BE54-9A1E7A4F7556}") = "ComposicaoBanco", "ComposicaoBanco\ComposicaoBanco.csproj", "{34919AAD-DB06-4083-8F97-6AF7FAD8DD54}"
EndProject
Project("{9A19103F-16F7-4668-BE54-9A1E7A4F7556}") = "ClasseProduto", "ClasseProduto\ClasseProduto.csproj", "{83FD35CB-EF2D-4FE4-8ED5-3D8B4E611DD6}"
EndProject
Project("{9A19103F-16F7-4668-BE54-9A1E7A4F7556}") = "AgregacaoConta", "AgregacaoConta\AgregacaoConta.csproj", "{3F9E4AB4-708E-4FA6-A928-95C8F73455B3}"
EndProject
Project("{9A19103F-16F7-4668-BE54-9A1E7A4F7556}") = "EncapsulamentoFuncionario", "EncapsulamentoFuncionario\EncapsulamentoFuncionario.csproj", "{2E3DD52D-3C4D-41A0-9FF4-41280A28C2E4}"
EndProject
Project("{9A19103F-16F7-4668-BE54-9A1E7A4F7556}") = "AgregacaoContaArray", "AgregacaoContaArray\AgregacaoContaArray.csproj", "{ABAE8A86-5033-413E-BC27-EC7BDF8BD11F}"
EndProject
Project("{9A19103F-16F7-4668-BE54-9A1E7A4F7556}") = "ClasseFuncionario", "ClasseFuncionario\ClasseFuncionario.csproj", "{4C39A6B4-575E-4C3F-94FB-95583C54390A}"
EndProject
Project("{9A19103F-16F7-4668-BE54-9A1E7A4F7556}") = "EncapsulamentoAluno", "EncapsulamentoAluno\EncapsulamentoAluno.csproj", "{3E2F2840-E488-496A-9034-CF67542F796D}"
EndProject
Project("{9A19103F-16F7-4668-BE54-9A1E7A4F7556}") = "Revisao", "Revisao\Revisao.csproj", "{37B3B485-50D4-4DFA-B887-1253DA63D33C}"
EndProject
Project("{9A19103F-16F7-4668-BE54-9A1E7A4F7556}") = "EncapsulamentoProduto", "EncapsulamentoProduto\EncapsulamentoProduto.csproj", "{C5916821-529B-42EB-A608-8A6D49DE7E66}"
EndProject
Project("{9A19103F-16F7-4668-BE54-9A1E7A4F7556}") = "Classe", "Classe\Classe.csproj", "{158E2FFA-6EAF-46A5-84AF-8E57C5A60D8D}"
EndProject
Global
	GlobalSection(SolutionConfigurationPlatforms) = preSolution
		Debug|Any CPU = Debug|Any CPU
		Release|Any CPU = Release|Any CPU
	EndGlobalSection
	GlobalSection(ProjectConfigurationPlatforms) = postSolution
		{297E3417-5069-4730-A07C-B622DA0BB34C}.Debug|Any CPU.ActiveCfg = Debug|Any CPU
		{297E3417-5069-4730-A07C-B622DA0BB34C}.Debug|Any CPU.Build.0 = Debug|Any CPU
		{297E3417-5069-4730-A07C-B622DA0BB34C}.Release|Any CPU.ActiveCfg = Release|Any CPU
		{297E3417-5069-4730-A07C-B622DA0BB34C}.Release|Any CPU.Build.0 = Release|Any CPU
		{EB2EA046-0048-45EB-9742-CA280E7BBD2D}.Debug|Any CPU.ActiveCfg = Debug|Any CPU
		{EB2EA046-0048-45EB-9742-CA280E7BBD2D}.Debug|Any CPU.Build.0 = Debug|Any CPU
		{EB2EA046-0048-45EB-9742-CA280E7BBD2D}.Release|Any CPU.ActiveCfg = Release|Any CPU
		{EB2EA046-0048-45EB-9742-CA280E7BBD2D}.Release|Any CPU.Build.0 = Release|Any CPU
		{EE0D5A0F-F909-4F41-A369-5510A069268F}.Debug|Any CPU.ActiveCfg = Debug|Any CPU
		{EE0D5A0F-F909-4F41-A369-5510A069268F}.Debug|Any CPU.Build.0 = Debug|Any CPU
		{EE0D5A0F-F909-4F41-A369-5510A069268F}.Release|Any CPU.ActiveCfg = Release|Any CPU
		{EE0D5A0F-F909-4F41-A369-5510A069268F}.Release|Any CPU.Build.0 = Release|Any CPU
		{E3E5D224-4CA7-4EBC-9835-4718A1B8F735}.Debug|Any CPU.ActiveCfg = Debug|Any CPU
		{E3E5D224-4CA7-4EBC-9835-4718A1B8F735}.Debug|Any CPU.Build.0 = Debug|Any CPU
		{E3E5D224-4CA7-4EBC-9835-4718A1B8F735}.Release|Any CPU.ActiveCfg = Release|Any CPU
		{E3E5D224-4CA7-4EBC-9835-4718A1B8F735}.Release|Any CPU.Build.0 = Release|Any CPU
		{B85DEC85-57D5-47E7-AE81-74611FDAEB99}.Debug|Any CPU.ActiveCfg = Debug|Any CPU
		{B85DEC85-57D5-47E7-AE81-74611FDAEB99}.Debug|Any CPU.Build.0 = Debug|Any CPU
		{B85DEC85-57D5-47E7-AE81-74611FDAEB99}.Release|Any CPU.ActiveCfg = Release|Any CPU
		{B85DEC85-57D5-47E7-AE81-74611FDAEB99}.Release|Any CPU.Build.0 = Release|Any CPU
		{31136A78-5303-4CEE-AC56-9432B88C011F}.Debug|Any CPU.ActiveCfg = Debug|Any CPU
		{31136A78-5303-4CEE-AC56-9432B88C011F}.Debug|Any CPU.Build.0 = Debug|Any CPU
		{31136A78-5303-4CEE-AC56-9432B88C011F}.Release|Any CPU.ActiveCfg = Release|Any CPU
		{31136A78-5303-4CEE-AC56-9432B88C011F}.Release|Any CPU.Build.0 = Release|Any CPU
		{34919AAD-DB06-4083-8F97-6AF7FAD8DD54}.Debug|Any CPU.ActiveCfg = Debug|Any CPU
		{34919AAD-DB06-4083-8F97-6AF7FAD8DD54}.Debug|Any CPU.Build.0 = Debug|Any CPU
		{34919AAD-DB06-4083-8F97-6AF7FAD8DD54}.Release|Any CPU.ActiveCfg = Release|Any CPU
		{34919AAD-DB06-4083-8F97-6AF7FAD8DD54}.Release|Any CPU.Build.0 = Release|Any CPU
		{83FD35CB-EF2D-4FE4-8ED5-3D8B4E611DD6}.Debug|Any CPU.ActiveCfg = Debug|Any CPU
		{83FD35CB-EF2D-4FE4-8ED5-3D8B4E611DD6}.Debug|Any CPU.Build.0 = Debug|Any CPU
		{83FD35CB-EF2D-4FE4-8ED5-3D8B4E611DD6}.Release|Any CPU.ActiveCfg = Release|Any CPU
		{83FD35CB-EF2D-4FE4-8ED5-3D8B4E611DD6}.Release|Any CPU.Build.0 = Release|Any CPU
		{3F9E4AB4-708E-4FA6-A928-95C8F73455B3}.Debug|Any CPU.ActiveCfg = Debug|Any CPU
		{3F9E4AB4-708E-4FA6-A928-95C8F73455B3}.Debug|Any CPU.Build.0 = Debug|Any CPU
		{3F9E4AB4-708E-4FA6-A928-95C8F73455B3}.Release|Any CPU.ActiveCfg = Release|Any CPU
		{3F9E4AB4-708E-4FA6-A928-95C8F73455B3}.Release|Any CPU.Build.0 = Release|Any CPU
		{2E3DD52D-3C4D-41A0-9FF4-41280A28C2E4}.Debug|Any CPU.ActiveCfg = Debug|Any CPU
		{2E3DD52D-3C4D-41A0-9FF4-41280A28C2E4}.Debug|Any CPU.Build.0 = Debug|Any CPU
		{2E3DD52D-3C4D-41A0-9FF4-41280A28C2E4}.Release|Any CPU.ActiveCfg = Release|Any CPU
		{2E3DD52D-3C4D-41A0-9FF4-41280A28C2E4}.Release|Any CPU.Build.0 = Release|Any CPU
		{ABAE8A86-5033-413E-BC27-EC7BDF8BD11F}.Debug|Any CPU.ActiveCfg = Debug|Any CPU
		{ABAE8A86-5033-413E-BC27-EC7BDF8BD11F}.Debug|Any CPU.Build.0 = Debug|Any CPU
		{ABAE8A86-5033-413E-BC27-EC7BDF8BD11F}.Release|Any CPU.ActiveCfg = Release|Any CPU
		{ABAE8A86-5033-413E-BC27-EC7BDF8BD11F}.Release|Any CPU.Build.0 = Release|Any CPU
		{4C39A6B4-575E-4C3F-94FB-95583C54390A}.Debug|Any CPU.ActiveCfg = Debug|Any CPU
		{4C39A6B4-575E-4C3F-94FB-95583C54390A}.Debug|Any CPU.Build.0 = Debug|Any CPU
		{4C39A6B4-575E-4C3F-94FB-95583C54390A}.Release|Any CPU.ActiveCfg = Release|Any CPU
		{4C39A6B4-575E-4C3F-94FB-95583C54390A}.Release|Any CPU.Build.0 = Release|Any CPU
		{3E2F2840-E488-496A-9034-CF67542F796D}.Debug|Any CPU.ActiveCfg = Debug|Any CPU
		{3E2F2840-E488-496A-9034-CF67542F796D}.Debug|Any CPU.Build.0 = Debug|Any CPU
		{3E2F2840-E488-496A-9034-CF67542F796D}.Release|Any CPU.ActiveCfg = Release|Any CPU
		{3E2F2840-E488-496A-9034-CF67542F796D}.Release|Any CPU.Build.0 = Release|Any CPU
		{37B3B485-50D4-4DFA-B887-1253DA63D33C}.Debug|Any CPU.ActiveCfg = Debug|Any CPU
		{37B3B485-50D4-4DFA-B887-1253DA63D33C}.Debug|Any CPU.Build.0 = Debug|Any CPU
		{37B3B485-50D4-4DFA-B887-1253DA63D33C}.Release|Any CPU.ActiveCfg = Release|Any CPU
		{37B3B485-50D4-4DFA-B887-1253DA63D33C}.Release|Any CPU.Build.0 = Release|Any CPU
		{C5916821-529B-42EB-A608-8A6D49DE7E66}.Debug|Any CPU.ActiveCfg = Debug|Any CPU
		{C5916821-529B-42EB-A608-8A6D49DE7E66}.Debug|Any CPU.Build.0 = Debug|Any CPU
		{C5916821-529B-42EB-A608-8A6D49DE7E66}.Release|Any CPU.ActiveCfg = Release|Any CPU
		{C5916821-529B-42EB-A608-8A6D49DE7E66}.Release|Any CPU.Build.0 = Release|Any CPU
		{158E2FFA-6EAF-46A5-84AF-8E57C5A60D8D}.Debug|Any CPU.ActiveCfg = Debug|Any CPU
		{158E2FFA-6EAF-46A5-84AF-8E57C5A60D8D}.Debug|Any CPU.Build.0 = Debug|Any CPU
		{158E2FFA-6EAF-46A5-84AF-8E57C5A60D8D}.Release|Any CPU.ActiveCfg = Release|Any CPU
		{158E2FFA-6EAF-46A5-84AF-8E57C5A60D8D}.Release|Any CPU.Build.0 = Release|Any CPU
	EndGlobalSection
	GlobalSection(SolutionProperties) = preSolution
		HideSolutionNode = FALSE
	EndGlobalSection
	GlobalSection(ExtensibilityGlobals) = postSolution
		SolutionGuid = {817620D4-B2FB-4A29-93A6-03F62E3CC346}
	EndGlobalSection
EndGlobal
